
Microsoft Visual Studio Solution File, Format Version 12.00
# Visual Studio Version 16
VisualStudioVersion = 16.0.28729.10
MinimumVisualStudioVersion = 10.0.40219.1
Project("{FAE04EC0-301F-11D3-BF4B-00C04F79EFBC}") = "H8-T2", "H8-T2\H8-T2.csproj", "{3B7B3457-79EE-45E2-8509-2FA59E187D0C}"
EndProject
Project("{FAE04EC0-301F-11D3-BF4B-00C04F79EFBC}") = "H8-T2-Test", "H8-T2-Test\H8-T2-Test.csproj", "{D92D2373-FDEF-4DAB-BC5F-8D9977FC7BD5}"
EndProject
Global
	GlobalSection(SolutionConfigurationPlatforms) = preSolution
		Debug|Any CPU = Debug|Any CPU
		Release|Any CPU = Release|Any CPU
	EndGlobalSection
	GlobalSection(ProjectConfigurationPlatforms) = postSolution
		{3B7B3457-79EE-45E2-8509-2FA59E187D0C}.Debug|Any CPU.ActiveCfg = Debug|Any CPU
		{3B7B3457-79EE-45E2-8509-2FA59E187D0C}.Debug|Any CPU.Build.0 = Debug|Any CPU
		{3B7B3457-79EE-45E2-8509-2FA59E187D0C}.Release|Any CPU.ActiveCfg = Release|Any CPU
		{3B7B3457-79EE-45E2-8509-2FA59E187D0C}.Release|Any CPU.Build.0 = Release|Any CPU
		{D92D2373-FDEF-4DAB-BC5F-8D9977FC7BD5}.Debug|Any CPU.ActiveCfg = Debug|Any CPU
		{D92D2373-FDEF-4DAB-BC5F-8D9977FC7BD5}.Debug|Any CPU.Build.0 = Debug|Any CPU
		{D92D2373-FDEF-4DAB-BC5F-8D9977FC7BD5}.Release|Any CPU.ActiveCfg = Release|Any CPU
		{D92D2373-FDEF-4DAB-BC5F-8D9977FC7BD5}.Release|Any CPU.Build.0 = Release|Any CPU
	EndGlobalSection
	GlobalSection(SolutionProperties) = preSolution
		HideSolutionNode = FALSE
	EndGlobalSection
	GlobalSection(ExtensibilityGlobals) = postSolution
		SolutionGuid = {9AB66DBA-5DEE-4485-BACE-A18524352BBA}
	EndGlobalSection
EndGlobal
