
Microsoft Visual Studio Solution File, Format Version 12.00
# Visual Studio Version 16
VisualStudioVersion = 16.0.28729.10
MinimumVisualStudioVersion = 10.0.40219.1
Project("{FAE04EC0-301F-11D3-BF4B-00C04F79EFBC}") = "H7-T1", "8.2\H7-T1.csproj", "{749A4FF0-A8A3-494D-B295-8C204A44EEFC}"
EndProject
Project("{FAE04EC0-301F-11D3-BF4B-00C04F79EFBC}") = "H7-T1.Test", "CalculatorTests\H7-T1.Test.csproj", "{FD212D64-BF38-4A99-93F3-5BFFDED94B46}"
EndProject
Global
	GlobalSection(SolutionConfigurationPlatforms) = preSolution
		Debug|Any CPU = Debug|Any CPU
		Release|Any CPU = Release|Any CPU
	EndGlobalSection
	GlobalSection(ProjectConfigurationPlatforms) = postSolution
		{749A4FF0-A8A3-494D-B295-8C204A44EEFC}.Debug|Any CPU.ActiveCfg = Debug|Any CPU
		{749A4FF0-A8A3-494D-B295-8C204A44EEFC}.Debug|Any CPU.Build.0 = Debug|Any CPU
		{749A4FF0-A8A3-494D-B295-8C204A44EEFC}.Release|Any CPU.ActiveCfg = Release|Any CPU
		{749A4FF0-A8A3-494D-B295-8C204A44EEFC}.Release|Any CPU.Build.0 = Release|Any CPU
		{FD212D64-BF38-4A99-93F3-5BFFDED94B46}.Debug|Any CPU.ActiveCfg = Debug|Any CPU
		{FD212D64-BF38-4A99-93F3-5BFFDED94B46}.Debug|Any CPU.Build.0 = Debug|Any CPU
		{FD212D64-BF38-4A99-93F3-5BFFDED94B46}.Release|Any CPU.ActiveCfg = Release|Any CPU
		{FD212D64-BF38-4A99-93F3-5BFFDED94B46}.Release|Any CPU.Build.0 = Release|Any CPU
	EndGlobalSection
	GlobalSection(SolutionProperties) = preSolution
		HideSolutionNode = FALSE
	EndGlobalSection
	GlobalSection(ExtensibilityGlobals) = postSolution
		SolutionGuid = {2B41B4AE-F208-494F-919E-6E9509B96452}
	EndGlobalSection
EndGlobal
