
Microsoft Visual Studio Solution File, Format Version 12.00
# Visual Studio 15
VisualStudioVersion = 15.0.28307.106
MinimumVisualStudioVersion = 10.0.40219.1
Project("{8BC9CEB8-8B4A-11D0-8D11-00A0C91BC942}") = "6.3", "6.3\6.3.vcxproj", "{CB0F7179-E24C-4825-9200-B2C4264B111B}"
EndProject
Global
	GlobalSection(SolutionConfigurationPlatforms) = preSolution
		Debug|x64 = Debug|x64
		Debug|x86 = Debug|x86
		Release|x64 = Release|x64
		Release|x86 = Release|x86
	EndGlobalSection
	GlobalSection(ProjectConfigurationPlatforms) = postSolution
		{CB0F7179-E24C-4825-9200-B2C4264B111B}.Debug|x64.ActiveCfg = Debug|x64
		{CB0F7179-E24C-4825-9200-B2C4264B111B}.Debug|x64.Build.0 = Debug|x64
		{CB0F7179-E24C-4825-9200-B2C4264B111B}.Debug|x86.ActiveCfg = Debug|Win32
		{CB0F7179-E24C-4825-9200-B2C4264B111B}.Debug|x86.Build.0 = Debug|Win32
		{CB0F7179-E24C-4825-9200-B2C4264B111B}.Release|x64.ActiveCfg = Release|x64
		{CB0F7179-E24C-4825-9200-B2C4264B111B}.Release|x64.Build.0 = Release|x64
		{CB0F7179-E24C-4825-9200-B2C4264B111B}.Release|x86.ActiveCfg = Release|Win32
		{CB0F7179-E24C-4825-9200-B2C4264B111B}.Release|x86.Build.0 = Release|Win32
	EndGlobalSection
	GlobalSection(SolutionProperties) = preSolution
		HideSolutionNode = FALSE
	EndGlobalSection
	GlobalSection(ExtensibilityGlobals) = postSolution
		SolutionGuid = {4E546EC7-ECEB-450C-94F7-BD9D8638C381}
	EndGlobalSection
EndGlobal
