
Microsoft Visual Studio Solution File, Format Version 12.00
# Visual Studio 15
VisualStudioVersion = 15.0.28307.106
MinimumVisualStudioVersion = 10.0.40219.1
Project("{8BC9CEB8-8B4A-11D0-8D11-00A0C91BC942}") = "3.2", "3.2\3.2.vcxproj", "{E59AED29-97EE-4B8E-BAD1-D4103885D4DE}"
EndProject
Global
	GlobalSection(SolutionConfigurationPlatforms) = preSolution
		Debug|x64 = Debug|x64
		Debug|x86 = Debug|x86
		Release|x64 = Release|x64
		Release|x86 = Release|x86
	EndGlobalSection
	GlobalSection(ProjectConfigurationPlatforms) = postSolution
		{E59AED29-97EE-4B8E-BAD1-D4103885D4DE}.Debug|x64.ActiveCfg = Debug|x64
		{E59AED29-97EE-4B8E-BAD1-D4103885D4DE}.Debug|x64.Build.0 = Debug|x64
		{E59AED29-97EE-4B8E-BAD1-D4103885D4DE}.Debug|x86.ActiveCfg = Debug|Win32
		{E59AED29-97EE-4B8E-BAD1-D4103885D4DE}.Debug|x86.Build.0 = Debug|Win32
		{E59AED29-97EE-4B8E-BAD1-D4103885D4DE}.Release|x64.ActiveCfg = Release|x64
		{E59AED29-97EE-4B8E-BAD1-D4103885D4DE}.Release|x64.Build.0 = Release|x64
		{E59AED29-97EE-4B8E-BAD1-D4103885D4DE}.Release|x86.ActiveCfg = Release|Win32
		{E59AED29-97EE-4B8E-BAD1-D4103885D4DE}.Release|x86.Build.0 = Release|Win32
	EndGlobalSection
	GlobalSection(SolutionProperties) = preSolution
		HideSolutionNode = FALSE
	EndGlobalSection
	GlobalSection(ExtensibilityGlobals) = postSolution
		SolutionGuid = {B5A8D1B7-8070-46FE-9590-2221C0B9AE3F}
	EndGlobalSection
EndGlobal
