
Microsoft Visual Studio Solution File, Format Version 12.00
# Visual Studio Version 16
VisualStudioVersion = 16.0.29926.136
MinimumVisualStudioVersion = 10.0.40219.1
Project("{F2A71F9B-5D33-465A-A702-920D77279786}") = "HomeworkOne", "HomeworkOne\HomeworkOne.fsproj", "{E2CD7D3D-D25C-4007-A9D0-70BE0190EE11}"
EndProject
Project("{F2A71F9B-5D33-465A-A702-920D77279786}") = "HomeworkOne.Tests", "HomeworkOne.Tests\HomeworkOne.Tests.fsproj", "{273E452B-78D3-4282-990A-B7DE3A6747F0}"
EndProject
Global
	GlobalSection(SolutionConfigurationPlatforms) = preSolution
		Debug|Any CPU = Debug|Any CPU
		Release|Any CPU = Release|Any CPU
	EndGlobalSection
	GlobalSection(ProjectConfigurationPlatforms) = postSolution
		{E2CD7D3D-D25C-4007-A9D0-70BE0190EE11}.Debug|Any CPU.ActiveCfg = Debug|Any CPU
		{E2CD7D3D-D25C-4007-A9D0-70BE0190EE11}.Debug|Any CPU.Build.0 = Debug|Any CPU
		{E2CD7D3D-D25C-4007-A9D0-70BE0190EE11}.Release|Any CPU.ActiveCfg = Release|Any CPU
		{E2CD7D3D-D25C-4007-A9D0-70BE0190EE11}.Release|Any CPU.Build.0 = Release|Any CPU
		{273E452B-78D3-4282-990A-B7DE3A6747F0}.Debug|Any CPU.ActiveCfg = Debug|Any CPU
		{273E452B-78D3-4282-990A-B7DE3A6747F0}.Debug|Any CPU.Build.0 = Debug|Any CPU
		{273E452B-78D3-4282-990A-B7DE3A6747F0}.Release|Any CPU.ActiveCfg = Release|Any CPU
		{273E452B-78D3-4282-990A-B7DE3A6747F0}.Release|Any CPU.Build.0 = Release|Any CPU
	EndGlobalSection
	GlobalSection(SolutionProperties) = preSolution
		HideSolutionNode = FALSE
	EndGlobalSection
	GlobalSection(ExtensibilityGlobals) = postSolution
		SolutionGuid = {A1042F0E-6AC6-4E4E-9517-DE70CD40FE9A}
	EndGlobalSection
EndGlobal
