
Microsoft Visual Studio Solution File, Format Version 12.00
# Visual Studio 15
VisualStudioVersion = 15.0.28307.421
MinimumVisualStudioVersion = 10.0.40219.1
Project("{FAE04EC0-301F-11D3-BF4B-00C04F79EFBC}") = "1.45", "ConsoleApp2\1.45.csproj", "{1EED824C-C737-4AC8-9791-03965C584037}"
EndProject
Global
	GlobalSection(SolutionConfigurationPlatforms) = preSolution
		Debug|Any CPU = Debug|Any CPU
		Release|Any CPU = Release|Any CPU
	EndGlobalSection
	GlobalSection(ProjectConfigurationPlatforms) = postSolution
		{1EED824C-C737-4AC8-9791-03965C584037}.Debug|Any CPU.ActiveCfg = Debug|Any CPU
		{1EED824C-C737-4AC8-9791-03965C584037}.Debug|Any CPU.Build.0 = Debug|Any CPU
		{1EED824C-C737-4AC8-9791-03965C584037}.Release|Any CPU.ActiveCfg = Release|Any CPU
		{1EED824C-C737-4AC8-9791-03965C584037}.Release|Any CPU.Build.0 = Release|Any CPU
	EndGlobalSection
	GlobalSection(SolutionProperties) = preSolution
		HideSolutionNode = FALSE
	EndGlobalSection
	GlobalSection(ExtensibilityGlobals) = postSolution
		SolutionGuid = {A0A11BDB-D603-4575-9D63-A082D0DECCA4}
	EndGlobalSection
EndGlobal
